
Microsoft Visual Studio Solution File, Format Version 12.00
# Visual Studio Version 17
VisualStudioVersion = 17.4.33213.308
MinimumVisualStudioVersion = 10.0.40219.1
Project("{FAE04EC0-301F-11D3-BF4B-00C04F79EFBC}") = "FiveMClothesRenameTool", "FiveMClothesRenameTool\FiveMClothesRenameTool.csproj", "{A46B5617-E747-46CD-A877-099D73262896}"
EndProject
Global
	GlobalSection(SolutionConfigurationPlatforms) = preSolution
		Debug|Any CPU = Debug|Any CPU
		Release|Any CPU = Release|Any CPU
	EndGlobalSection
	GlobalSection(ProjectConfigurationPlatforms) = postSolution
		{A46B5617-E747-46CD-A877-099D73262896}.Debug|Any CPU.ActiveCfg = Debug|Any CPU
		{A46B5617-E747-46CD-A877-099D73262896}.Debug|Any CPU.Build.0 = Debug|Any CPU
		{A46B5617-E747-46CD-A877-099D73262896}.Release|Any CPU.ActiveCfg = Release|Any CPU
		{A46B5617-E747-46CD-A877-099D73262896}.Release|Any CPU.Build.0 = Release|Any CPU
	EndGlobalSection
	GlobalSection(SolutionProperties) = preSolution
		HideSolutionNode = FALSE
	EndGlobalSection
	GlobalSection(ExtensibilityGlobals) = postSolution
		SolutionGuid = {8598FE27-948D-4C96-931F-B9257B20A6FC}
	EndGlobalSection
EndGlobal
